{
  "version": 4,
  "terraform_version": "1.7.4",
  "serial": 1,
  "lineage": "b3508b2a-188b-6e3d-b35e-b1322ecb6747",
  "outputs": {},
  "resources": [
    {
      "mode": "data",
      "type": "azurerm_client_config",
      "name": "current",
      "provider": "provider[\"registry.terraform.io/hashicorp/azurerm\"]",
      "instances": [
        {
          "schema_version": 0,
          "attributes": {
            "client_id": "04b07795-8ddb-461a-bbee-02f9e1bf7b46",
            "id": "Y2xpZW50Q29uZmlncy9jbGllbnRJZD0wNGIwNzc5NS04ZGRiLTQ2MWEtYmJlZS0wMmY5ZTFiZjdiNDY7b2JqZWN0SWQ9ODU3OGEzY2ItYjFlZC00NDZkLWIzODEtYjBkZTYzYTkxMjFmO3N1YnNjcmlwdGlvbklkPTNkNzk2NjZkLWEwNjAtNDMyMi05ZjcyLTcyOTFjOWU4Zjc0Mzt0ZW5hbnRJZD0wYWU1MWUxOS0wN2M4LTRlNGItYmI2ZC02NDhlZTU4NDEwZjQ=",
            "object_id": "8578a3cb-b1ed-446d-b381-b0de63a9121f",
            "subscription_id": "3d79666d-a060-4322-9f72-7291c9e8f743",
            "tenant_id": "0ae51e19-07c8-4e4b-bb6d-648ee58410f4",
            "timeouts": null
          },
          "sensitive_attributes": []
        }
      ]
    },
    {
      "mode": "data",
      "type": "azurerm_subscription",
      "name": "current",
      "provider": "provider[\"registry.terraform.io/hashicorp/azurerm\"]",
      "instances": [
        {
          "schema_version": 0,
          "attributes": {
            "display_name": "Visual Studio Professional Subscription",
            "id": "/subscriptions/3d79666d-a060-4322-9f72-7291c9e8f743",
            "location_placement_id": "PublicAndIndia_2015-09-01",
            "quota_id": "MSDN_2014-09-01",
            "spending_limit": "On",
            "state": "Enabled",
            "subscription_id": "3d79666d-a060-4322-9f72-7291c9e8f743",
            "tags": {},
            "tenant_id": "0ae51e19-07c8-4e4b-bb6d-648ee58410f4",
            "timeouts": null
          },
          "sensitive_attributes": []
        }
      ]
    },
    {
      "module": "module.role_assignment[\"role_01\"]",
      "mode": "data",
      "type": "azurerm_client_config",
      "name": "current",
      "provider": "provider[\"registry.terraform.io/hashicorp/azurerm\"]",
      "instances": [
        {
          "schema_version": 0,
          "attributes": {
            "client_id": "04b07795-8ddb-461a-bbee-02f9e1bf7b46",
            "id": "Y2xpZW50Q29uZmlncy9jbGllbnRJZD0wNGIwNzc5NS04ZGRiLTQ2MWEtYmJlZS0wMmY5ZTFiZjdiNDY7b2JqZWN0SWQ9ODU3OGEzY2ItYjFlZC00NDZkLWIzODEtYjBkZTYzYTkxMjFmO3N1YnNjcmlwdGlvbklkPTNkNzk2NjZkLWEwNjAtNDMyMi05ZjcyLTcyOTFjOWU4Zjc0Mzt0ZW5hbnRJZD0wYWU1MWUxOS0wN2M4LTRlNGItYmI2ZC02NDhlZTU4NDEwZjQ=",
            "object_id": "8578a3cb-b1ed-446d-b381-b0de63a9121f",
            "subscription_id": "3d79666d-a060-4322-9f72-7291c9e8f743",
            "tenant_id": "0ae51e19-07c8-4e4b-bb6d-648ee58410f4",
            "timeouts": null
          },
          "sensitive_attributes": []
        }
      ]
    },
    {
      "module": "module.role_assignment[\"role_01\"]",
      "mode": "data",
      "type": "azurerm_subscription",
      "name": "current",
      "provider": "provider[\"registry.terraform.io/hashicorp/azurerm\"]",
      "instances": [
        {
          "schema_version": 0,
          "attributes": {
            "display_name": "Visual Studio Professional Subscription",
            "id": "/subscriptions/3d79666d-a060-4322-9f72-7291c9e8f743",
            "location_placement_id": "PublicAndIndia_2015-09-01",
            "quota_id": "MSDN_2014-09-01",
            "spending_limit": "On",
            "state": "Enabled",
            "subscription_id": "3d79666d-a060-4322-9f72-7291c9e8f743",
            "tags": {},
            "tenant_id": "0ae51e19-07c8-4e4b-bb6d-648ee58410f4",
            "timeouts": null
          },
          "sensitive_attributes": []
        }
      ]
    },
    {
      "module": "module.role_assignment[\"role_01\"]",
      "mode": "managed",
      "type": "azurerm_role_assignment",
      "name": "user_access_admin",
      "provider": "provider[\"registry.terraform.io/hashicorp/azurerm\"]",
      "instances": [
        {
          "schema_version": 0,
          "attributes": {
            "condition": "",
            "condition_version": "",
            "delegated_managed_identity_resource_id": "",
            "description": "",
            "id": "/subscriptions/3d79666d-a060-4322-9f72-7291c9e8f743/providers/Microsoft.Authorization/roleAssignments/b9a647f1-d584-e2d1-1a11-1a5fcd593143",
            "name": "b9a647f1-d584-e2d1-1a11-1a5fcd593143",
            "principal_id": "8578a3cb-b1ed-446d-b381-b0de63a9121f",
            "principal_type": "User",
            "role_definition_id": "/subscriptions/3d79666d-a060-4322-9f72-7291c9e8f743/providers/Microsoft.Authorization/roleDefinitions/18d7d88d-d35e-4fb5-a5c3-7773c20a72d9",
            "role_definition_name": "User Access Administrator",
            "scope": "/subscriptions/3d79666d-a060-4322-9f72-7291c9e8f743",
            "skip_service_principal_aad_check": null,
            "timeouts": null
          },
          "sensitive_attributes": [],
          "private": "eyJlMmJmYjczMC1lY2FhLTExZTYtOGY4OC0zNDM2M2JjN2M0YzAiOnsiY3JlYXRlIjoxODAwMDAwMDAwMDAwLCJkZWxldGUiOjE4MDAwMDAwMDAwMDAsInJlYWQiOjMwMDAwMDAwMDAwMH19",
          "dependencies": [
            "module.role_assignment.data.azurerm_subscription.current"
          ]
        }
      ]
    }
  ],
  "check_results": null
}
